<?xml version="1.0" encoding="utf-8"?>
<Project ToolsVersion="4.0" xmlns="http://schemas.microsoft.com/developer/msbuild/2003">
  <ItemGroup>
    <Filter Include="Source Files">
      <UniqueIdentifier>{4FC737F1-C7A5-4376-A066-2A32D752A2FF}</UniqueIdentifier>
      <Extensions>cpp;c;cc;cxx;def;odl;idl;hpj;bat;asm;asmx</Extensions>
    </Filter>
    <Filter Include="Header Files">
      <UniqueIdentifier>{93995380-89BD-4b04-88EB-625FBE52EBFB}</UniqueIdentifier>
      <Extensions>h;hh;hpp;hxx;hm;inl;inc;xsd</Extensions>
    </Filter>
    <Filter Include="Resource Files">
      <UniqueIdentifier>{67DA6AB6-F800-4c08-8B7A-83BB121AAD01}</UniqueIdentifier>
      <Extensions>rc;ico;cur;bmp;dlg;rc2;rct;bin;rgs;gif;jpg;jpeg;jpe;resx;tiff;tif;png;wav;mfcribbon-ms</Extensions>
    </Filter>
    <Filter Include="Header Files\mpeg2vid">
      <UniqueIdentifier>{34a50af7-c529-408c-af60-3df5dbb6fc39}</UniqueIdentifier>
    </Filter>
    <Filter Include="Source Files\mpeg2vid">
      <UniqueIdentifier>{460593e5-8a8d-457d-b5ce-9f9a9cad20b5}</UniqueIdentifier>
    </Filter>
    <Filter Include="Header Files\public">
      <UniqueIdentifier>{06081a1d-2584-41b1-a080-00e9ca99a6d8}</UniqueIdentifier>
    </Filter>
    <Filter Include="tests">
      <UniqueIdentifier>{090a03cc-66bf-4011-95b9-956fb784406d}</UniqueIdentifier>
    </Filter>
    <Filter Include="Header Files\h264">
      <UniqueIdentifier>{bf288ccc-f94c-45b6-ae20-49c40ee3721d}</UniqueIdentifier>
    </Filter>
    <Filter Include="Source Files\h264">
      <UniqueIdentifier>{95d2f2bc-5ba9-456e-872f-6f74bddd863a}</UniqueIdentifier>
    </Filter>
  </ItemGroup>
  <ItemGroup>
    <ClInclude Include="..\..\..\..\include\mpeg2vid\Mpeg2VideoParser.h">
      <Filter>Header Files\mpeg2vid</Filter>
    </ClInclude>
    <ClInclude Include="..\..\..\..\include\EsParser.h">
      <Filter>Header Files</Filter>
    </ClInclude>
    <ClInclude Include="..\..\..\..\include\GetBits.h">
      <Filter>Header Files</Filter>
    </ClInclude>
    <ClInclude Include="..\..\..\..\include\Logging.h">
      <Filter>Header Files</Filter>
    </ClInclude>
    <ClInclude Include="..\..\..\..\include\TsParser.h">
      <Filter>Header Files</Filter>
    </ClInclude>
    <ClInclude Include="..\..\..\..\include\public\mpeg2ts.h">
      <Filter>Header Files\public</Filter>
    </ClInclude>
    <ClInclude Include="..\..\..\..\include\public\Ts_IEC13818-1.h">
      <Filter>Header Files\public</Filter>
    </ClInclude>
    <ClInclude Include="..\..\..\..\include\public\TsUtilities.h">
      <Filter>Header Files\public</Filter>
    </ClInclude>
    <ClInclude Include="..\..\..\..\include\JsonSettings.h">
      <Filter>Header Files</Filter>
    </ClInclude>
    <ClInclude Include="..\..\..\..\include\Types.h">
      <Filter>Header Files</Filter>
    </ClInclude>
    <ClInclude Include="..\..\..\..\include\TsStatistics.h">
      <Filter>Header Files</Filter>
    </ClInclude>
    <ClInclude Include="..\..\..\..\include\h264\H264Parser.h">
      <Filter>Header Files\h264</Filter>
    </ClInclude>
  </ItemGroup>
  <ItemGroup>
    <ClCompile Include="..\..\..\..\src\GetBits.cc">
      <Filter>Source Files</Filter>
    </ClCompile>
    <ClCompile Include="..\..\..\..\src\TsDemuxer.cc">
      <Filter>Source Files</Filter>
    </ClCompile>
    <ClCompile Include="..\..\..\..\src\TsParser.cc">
      <Filter>Source Files</Filter>
    </ClCompile>
    <ClCompile Include="..\..\..\..\src\TsStatistics.cc">
      <Filter>Source Files</Filter>
    </ClCompile>
    <ClCompile Include="..\..\..\..\src\mpeg2vid\Mpeg2VideoParser.cc">
      <Filter>Source Files\mpeg2vid</Filter>
    </ClCompile>
    <ClCompile Include="..\..\..\..\src\PesPacket.cc">
      <Filter>Source Files</Filter>
    </ClCompile>
    <ClCompile Include="..\..\..\..\src\PsiTables.cc">
      <Filter>Source Files</Filter>
    </ClCompile>
    <ClCompile Include="..\..\..\..\src\TsPacketInfo.cc">
      <Filter>Source Files</Filter>
    </ClCompile>
    <ClCompile Include="..\..\..\..\src\TsUtilities.cc">
      <Filter>Source Files</Filter>
    </ClCompile>
    <ClCompile Include="..\..\..\..\src\JsonSettings.cc">
      <Filter>Source Files</Filter>
    </ClCompile>
    <ClCompile Include="..\..\..\..\src\h264\H264Parser.cc">
      <Filter>Source Files\h264</Filter>
    </ClCompile>
  </ItemGroup>
</Project>